
Microsoft Visual Studio Solution File, Format Version 12.00
# Visual Studio Version 16
VisualStudioVersion = 16.0.31321.278
MinimumVisualStudioVersion = 10.0.40219.1
Project("{FAE04EC0-301F-11D3-BF4B-00C04F79EFBC}") = "MyWorkerService", "MyWorkerService\MyWorkerService.csproj", "{1BEC647D-2B16-4BE7-9946-2EC0C37C984A}"
EndProject
Global
	GlobalSection(SolutionConfigurationPlatforms) = preSolution
		Debug|Any CPU = Debug|Any CPU
		Release|Any CPU = Release|Any CPU
	EndGlobalSection
	GlobalSection(ProjectConfigurationPlatforms) = postSolution
		{1BEC647D-2B16-4BE7-9946-2EC0C37C984A}.Debug|Any CPU.ActiveCfg = Debug|Any CPU
		{1BEC647D-2B16-4BE7-9946-2EC0C37C984A}.Debug|Any CPU.Build.0 = Debug|Any CPU
		{1BEC647D-2B16-4BE7-9946-2EC0C37C984A}.Release|Any CPU.ActiveCfg = Release|Any CPU
		{1BEC647D-2B16-4BE7-9946-2EC0C37C984A}.Release|Any CPU.Build.0 = Release|Any CPU
	EndGlobalSection
	GlobalSection(SolutionProperties) = preSolution
		HideSolutionNode = FALSE
	EndGlobalSection
	GlobalSection(ExtensibilityGlobals) = postSolution
		SolutionGuid = {BE54F2F1-B43A-40A0-8C62-0DA199AC03BE}
	EndGlobalSection
EndGlobal
